
Microsoft Visual Studio Solution File, Format Version 12.00
# Visual Studio Version 16
VisualStudioVersion = 16.0.32126.315
MinimumVisualStudioVersion = 10.0.40219.1
Project("{FAE04EC0-301F-11D3-BF4B-00C04F79EFBC}") = "TruFlow.Android", "TruFlow\TruFlow.Android\TruFlow.Android.csproj", "{3CD9711B-2C88-40B7-8E52-B2B1804183BB}"
EndProject
Project("{FAE04EC0-301F-11D3-BF4B-00C04F79EFBC}") = "TruFlow.iOS", "TruFlow\TruFlow.iOS\TruFlow.iOS.csproj", "{F1A4A072-9100-41B4-AC86-7C80D998592A}"
EndProject
Project("{FAE04EC0-301F-11D3-BF4B-00C04F79EFBC}") = "TruFlow", "TruFlow\TruFlow\TruFlow.csproj", "{BCB9F695-53C8-4EE2-9F1F-C86EFB9A52D4}"
EndProject
Project("{FAE04EC0-301F-11D3-BF4B-00C04F79EFBC}") = "Infrastructure", "Infrastructure\Infrastructure.csproj", "{BB7B439F-3CA6-4D2B-BD49-04EFC1A9859F}"
EndProject
Global
	GlobalSection(SolutionConfigurationPlatforms) = preSolution
		Debug|Any CPU = Debug|Any CPU
		Debug|iPhone = Debug|iPhone
		Debug|iPhoneSimulator = Debug|iPhoneSimulator
		Release|Any CPU = Release|Any CPU
		Release|iPhone = Release|iPhone
		Release|iPhoneSimulator = Release|iPhoneSimulator
	EndGlobalSection
	GlobalSection(ProjectConfigurationPlatforms) = postSolution
		{3CD9711B-2C88-40B7-8E52-B2B1804183BB}.Debug|Any CPU.ActiveCfg = Debug|Any CPU
		{3CD9711B-2C88-40B7-8E52-B2B1804183BB}.Debug|Any CPU.Build.0 = Debug|Any CPU
		{3CD9711B-2C88-40B7-8E52-B2B1804183BB}.Debug|Any CPU.Deploy.0 = Debug|Any CPU
		{3CD9711B-2C88-40B7-8E52-B2B1804183BB}.Debug|iPhone.ActiveCfg = Debug|Any CPU
		{3CD9711B-2C88-40B7-8E52-B2B1804183BB}.Debug|iPhone.Build.0 = Debug|Any CPU
		{3CD9711B-2C88-40B7-8E52-B2B1804183BB}.Debug|iPhone.Deploy.0 = Debug|Any CPU
		{3CD9711B-2C88-40B7-8E52-B2B1804183BB}.Debug|iPhoneSimulator.ActiveCfg = Debug|Any CPU
		{3CD9711B-2C88-40B7-8E52-B2B1804183BB}.Debug|iPhoneSimulator.Build.0 = Debug|Any CPU
		{3CD9711B-2C88-40B7-8E52-B2B1804183BB}.Debug|iPhoneSimulator.Deploy.0 = Debug|Any CPU
		{3CD9711B-2C88-40B7-8E52-B2B1804183BB}.Release|Any CPU.ActiveCfg = Release|Any CPU
		{3CD9711B-2C88-40B7-8E52-B2B1804183BB}.Release|Any CPU.Build.0 = Release|Any CPU
		{3CD9711B-2C88-40B7-8E52-B2B1804183BB}.Release|Any CPU.Deploy.0 = Release|Any CPU
		{3CD9711B-2C88-40B7-8E52-B2B1804183BB}.Release|iPhone.ActiveCfg = Release|Any CPU
		{3CD9711B-2C88-40B7-8E52-B2B1804183BB}.Release|iPhone.Build.0 = Release|Any CPU
		{3CD9711B-2C88-40B7-8E52-B2B1804183BB}.Release|iPhone.Deploy.0 = Release|Any CPU
		{3CD9711B-2C88-40B7-8E52-B2B1804183BB}.Release|iPhoneSimulator.ActiveCfg = Release|Any CPU
		{3CD9711B-2C88-40B7-8E52-B2B1804183BB}.Release|iPhoneSimulator.Build.0 = Release|Any CPU
		{3CD9711B-2C88-40B7-8E52-B2B1804183BB}.Release|iPhoneSimulator.Deploy.0 = Release|Any CPU
		{F1A4A072-9100-41B4-AC86-7C80D998592A}.Debug|Any CPU.ActiveCfg = Debug|iPhone
		{F1A4A072-9100-41B4-AC86-7C80D998592A}.Debug|Any CPU.Build.0 = Debug|iPhone
		{F1A4A072-9100-41B4-AC86-7C80D998592A}.Debug|Any CPU.Deploy.0 = Debug|iPhone
		{F1A4A072-9100-41B4-AC86-7C80D998592A}.Debug|iPhone.ActiveCfg = Debug|iPhone
		{F1A4A072-9100-41B4-AC86-7C80D998592A}.Debug|iPhone.Build.0 = Debug|iPhone
		{F1A4A072-9100-41B4-AC86-7C80D998592A}.Debug|iPhone.Deploy.0 = Debug|iPhone
		{F1A4A072-9100-41B4-AC86-7C80D998592A}.Debug|iPhoneSimulator.ActiveCfg = Debug|iPhoneSimulator
		{F1A4A072-9100-41B4-AC86-7C80D998592A}.Debug|iPhoneSimulator.Build.0 = Debug|iPhoneSimulator
		{F1A4A072-9100-41B4-AC86-7C80D998592A}.Debug|iPhoneSimulator.Deploy.0 = Debug|iPhoneSimulator
		{F1A4A072-9100-41B4-AC86-7C80D998592A}.Release|Any CPU.ActiveCfg = Release|iPhoneSimulator
		{F1A4A072-9100-41B4-AC86-7C80D998592A}.Release|Any CPU.Build.0 = Release|iPhoneSimulator
		{F1A4A072-9100-41B4-AC86-7C80D998592A}.Release|Any CPU.Deploy.0 = Release|iPhoneSimulator
		{F1A4A072-9100-41B4-AC86-7C80D998592A}.Release|iPhone.ActiveCfg = Release|iPhone
		{F1A4A072-9100-41B4-AC86-7C80D998592A}.Release|iPhone.Build.0 = Release|iPhone
		{F1A4A072-9100-41B4-AC86-7C80D998592A}.Release|iPhone.Deploy.0 = Release|iPhone
		{F1A4A072-9100-41B4-AC86-7C80D998592A}.Release|iPhoneSimulator.ActiveCfg = Release|iPhoneSimulator
		{F1A4A072-9100-41B4-AC86-7C80D998592A}.Release|iPhoneSimulator.Build.0 = Release|iPhoneSimulator
		{F1A4A072-9100-41B4-AC86-7C80D998592A}.Release|iPhoneSimulator.Deploy.0 = Release|iPhoneSimulator
		{BCB9F695-53C8-4EE2-9F1F-C86EFB9A52D4}.Debug|Any CPU.ActiveCfg = Debug|Any CPU
		{BCB9F695-53C8-4EE2-9F1F-C86EFB9A52D4}.Debug|Any CPU.Build.0 = Debug|Any CPU
		{BCB9F695-53C8-4EE2-9F1F-C86EFB9A52D4}.Debug|Any CPU.Deploy.0 = Debug|Any CPU
		{BCB9F695-53C8-4EE2-9F1F-C86EFB9A52D4}.Debug|iPhone.ActiveCfg = Debug|Any CPU
		{BCB9F695-53C8-4EE2-9F1F-C86EFB9A52D4}.Debug|iPhone.Build.0 = Debug|Any CPU
		{BCB9F695-53C8-4EE2-9F1F-C86EFB9A52D4}.Debug|iPhone.Deploy.0 = Debug|Any CPU
		{BCB9F695-53C8-4EE2-9F1F-C86EFB9A52D4}.Debug|iPhoneSimulator.ActiveCfg = Debug|Any CPU
		{BCB9F695-53C8-4EE2-9F1F-C86EFB9A52D4}.Debug|iPhoneSimulator.Build.0 = Debug|Any CPU
		{BCB9F695-53C8-4EE2-9F1F-C86EFB9A52D4}.Debug|iPhoneSimulator.Deploy.0 = Debug|Any CPU
		{BCB9F695-53C8-4EE2-9F1F-C86EFB9A52D4}.Release|Any CPU.ActiveCfg = Release|Any CPU
		{BCB9F695-53C8-4EE2-9F1F-C86EFB9A52D4}.Release|Any CPU.Build.0 = Release|Any CPU
		{BCB9F695-53C8-4EE2-9F1F-C86EFB9A52D4}.Release|Any CPU.Deploy.0 = Release|Any CPU
		{BCB9F695-53C8-4EE2-9F1F-C86EFB9A52D4}.Release|iPhone.ActiveCfg = Release|Any CPU
		{BCB9F695-53C8-4EE2-9F1F-C86EFB9A52D4}.Release|iPhone.Build.0 = Release|Any CPU
		{BCB9F695-53C8-4EE2-9F1F-C86EFB9A52D4}.Release|iPhone.Deploy.0 = Release|Any CPU
		{BCB9F695-53C8-4EE2-9F1F-C86EFB9A52D4}.Release|iPhoneSimulator.ActiveCfg = Release|Any CPU
		{BCB9F695-53C8-4EE2-9F1F-C86EFB9A52D4}.Release|iPhoneSimulator.Build.0 = Release|Any CPU
		{BCB9F695-53C8-4EE2-9F1F-C86EFB9A52D4}.Release|iPhoneSimulator.Deploy.0 = Release|Any CPU
		{BB7B439F-3CA6-4D2B-BD49-04EFC1A9859F}.Debug|Any CPU.ActiveCfg = Debug|Any CPU
		{BB7B439F-3CA6-4D2B-BD49-04EFC1A9859F}.Debug|Any CPU.Build.0 = Debug|Any CPU
		{BB7B439F-3CA6-4D2B-BD49-04EFC1A9859F}.Debug|iPhone.ActiveCfg = Debug|Any CPU
		{BB7B439F-3CA6-4D2B-BD49-04EFC1A9859F}.Debug|iPhone.Build.0 = Debug|Any CPU
		{BB7B439F-3CA6-4D2B-BD49-04EFC1A9859F}.Debug|iPhoneSimulator.ActiveCfg = Debug|Any CPU
		{BB7B439F-3CA6-4D2B-BD49-04EFC1A9859F}.Debug|iPhoneSimulator.Build.0 = Debug|Any CPU
		{BB7B439F-3CA6-4D2B-BD49-04EFC1A9859F}.Release|Any CPU.ActiveCfg = Release|Any CPU
		{BB7B439F-3CA6-4D2B-BD49-04EFC1A9859F}.Release|Any CPU.Build.0 = Release|Any CPU
		{BB7B439F-3CA6-4D2B-BD49-04EFC1A9859F}.Release|iPhone.ActiveCfg = Release|Any CPU
		{BB7B439F-3CA6-4D2B-BD49-04EFC1A9859F}.Release|iPhone.Build.0 = Release|Any CPU
		{BB7B439F-3CA6-4D2B-BD49-04EFC1A9859F}.Release|iPhoneSimulator.ActiveCfg = Release|Any CPU
		{BB7B439F-3CA6-4D2B-BD49-04EFC1A9859F}.Release|iPhoneSimulator.Build.0 = Release|Any CPU
	EndGlobalSection
	GlobalSection(SolutionProperties) = preSolution
		HideSolutionNode = FALSE
	EndGlobalSection
	GlobalSection(ExtensibilityGlobals) = postSolution
		SolutionGuid = {F0E71D63-9FDE-4F49-98B8-2AEC441B9BF3}
	EndGlobalSection
EndGlobal
