
Microsoft Visual Studio Solution File, Format Version 12.00
# Visual Studio Version 16
VisualStudioVersion = 16.0.30114.105
MinimumVisualStudioVersion = 10.0.40219.1
Project("{9A19103F-16F7-4668-BE54-9A1E7A4F7556}") = "blazor-web", "blazor-web\blazor-web.csproj", "{A632BDC0-015F-4816-A437-3770361C64D8}"
EndProject
Project("{9A19103F-16F7-4668-BE54-9A1E7A4F7556}") = "Components", "Components\Components.csproj", "{EF0BAC65-C0F6-462B-AC0B-EB1446C615FB}"
EndProject
Project("{9A19103F-16F7-4668-BE54-9A1E7A4F7556}") = "Infrastructure", "Infrastructure\Infrastructure.csproj", "{13C678F2-21BD-4619-ADC0-C3B8E451942D}"
EndProject
Project("{9A19103F-16F7-4668-BE54-9A1E7A4F7556}") = "maui-demo", "maui-demo\maui-demo\maui-demo.csproj", "{66C1A590-FEFC-4A02-9378-7BFADDFAFC00}"
EndProject
Project("{FAE04EC0-301F-11D3-BF4B-00C04F79EFBC}") = "maui-demo.WinUI", "maui-demo\maui-demo.WinUI\maui-demo.WinUI.csproj", "{F6679607-1CAD-4289-AF61-997BA295D669}"
EndProject
Project("{9A19103F-16F7-4668-BE54-9A1E7A4F7556}") = "maui-blazor", "maui-blazor\maui-blazor\maui-blazor.csproj", "{E9506B63-2C71-4677-8D0E-A56F0E669FFA}"
	ProjectSection(ProjectDependencies) = postProject
		{EF0BAC65-C0F6-462B-AC0B-EB1446C615FB} = {EF0BAC65-C0F6-462B-AC0B-EB1446C615FB}
	EndProjectSection
EndProject
Project("{FAE04EC0-301F-11D3-BF4B-00C04F79EFBC}") = "maui-blazor.WinUI", "maui-blazor\maui-blazor.WinUI\maui-blazor.WinUI.csproj", "{344DA91A-456B-44C3-925F-FC3C273DEB88}"
EndProject
Global
	GlobalSection(SolutionConfigurationPlatforms) = preSolution
		Debug|Any CPU = Debug|Any CPU
		Debug|x64 = Debug|x64
		Debug|x86 = Debug|x86
		Release|Any CPU = Release|Any CPU
		Release|x64 = Release|x64
		Release|x86 = Release|x86
	EndGlobalSection
	GlobalSection(ProjectConfigurationPlatforms) = postSolution
		{A632BDC0-015F-4816-A437-3770361C64D8}.Debug|Any CPU.ActiveCfg = Debug|Any CPU
		{A632BDC0-015F-4816-A437-3770361C64D8}.Debug|Any CPU.Build.0 = Debug|Any CPU
		{A632BDC0-015F-4816-A437-3770361C64D8}.Debug|x64.ActiveCfg = Debug|Any CPU
		{A632BDC0-015F-4816-A437-3770361C64D8}.Debug|x64.Build.0 = Debug|Any CPU
		{A632BDC0-015F-4816-A437-3770361C64D8}.Debug|x86.ActiveCfg = Debug|Any CPU
		{A632BDC0-015F-4816-A437-3770361C64D8}.Debug|x86.Build.0 = Debug|Any CPU
		{A632BDC0-015F-4816-A437-3770361C64D8}.Release|Any CPU.ActiveCfg = Release|Any CPU
		{A632BDC0-015F-4816-A437-3770361C64D8}.Release|Any CPU.Build.0 = Release|Any CPU
		{A632BDC0-015F-4816-A437-3770361C64D8}.Release|x64.ActiveCfg = Release|Any CPU
		{A632BDC0-015F-4816-A437-3770361C64D8}.Release|x64.Build.0 = Release|Any CPU
		{A632BDC0-015F-4816-A437-3770361C64D8}.Release|x86.ActiveCfg = Release|Any CPU
		{A632BDC0-015F-4816-A437-3770361C64D8}.Release|x86.Build.0 = Release|Any CPU
		{EF0BAC65-C0F6-462B-AC0B-EB1446C615FB}.Debug|Any CPU.ActiveCfg = Debug|Any CPU
		{EF0BAC65-C0F6-462B-AC0B-EB1446C615FB}.Debug|Any CPU.Build.0 = Debug|Any CPU
		{EF0BAC65-C0F6-462B-AC0B-EB1446C615FB}.Debug|x64.ActiveCfg = Debug|Any CPU
		{EF0BAC65-C0F6-462B-AC0B-EB1446C615FB}.Debug|x64.Build.0 = Debug|Any CPU
		{EF0BAC65-C0F6-462B-AC0B-EB1446C615FB}.Debug|x86.ActiveCfg = Debug|Any CPU
		{EF0BAC65-C0F6-462B-AC0B-EB1446C615FB}.Debug|x86.Build.0 = Debug|Any CPU
		{EF0BAC65-C0F6-462B-AC0B-EB1446C615FB}.Release|Any CPU.ActiveCfg = Release|Any CPU
		{EF0BAC65-C0F6-462B-AC0B-EB1446C615FB}.Release|Any CPU.Build.0 = Release|Any CPU
		{EF0BAC65-C0F6-462B-AC0B-EB1446C615FB}.Release|x64.ActiveCfg = Release|Any CPU
		{EF0BAC65-C0F6-462B-AC0B-EB1446C615FB}.Release|x64.Build.0 = Release|Any CPU
		{EF0BAC65-C0F6-462B-AC0B-EB1446C615FB}.Release|x86.ActiveCfg = Release|Any CPU
		{EF0BAC65-C0F6-462B-AC0B-EB1446C615FB}.Release|x86.Build.0 = Release|Any CPU
		{13C678F2-21BD-4619-ADC0-C3B8E451942D}.Debug|Any CPU.ActiveCfg = Debug|Any CPU
		{13C678F2-21BD-4619-ADC0-C3B8E451942D}.Debug|Any CPU.Build.0 = Debug|Any CPU
		{13C678F2-21BD-4619-ADC0-C3B8E451942D}.Debug|x64.ActiveCfg = Debug|Any CPU
		{13C678F2-21BD-4619-ADC0-C3B8E451942D}.Debug|x64.Build.0 = Debug|Any CPU
		{13C678F2-21BD-4619-ADC0-C3B8E451942D}.Debug|x86.ActiveCfg = Debug|Any CPU
		{13C678F2-21BD-4619-ADC0-C3B8E451942D}.Debug|x86.Build.0 = Debug|Any CPU
		{13C678F2-21BD-4619-ADC0-C3B8E451942D}.Release|Any CPU.ActiveCfg = Release|Any CPU
		{13C678F2-21BD-4619-ADC0-C3B8E451942D}.Release|Any CPU.Build.0 = Release|Any CPU
		{13C678F2-21BD-4619-ADC0-C3B8E451942D}.Release|x64.ActiveCfg = Release|Any CPU
		{13C678F2-21BD-4619-ADC0-C3B8E451942D}.Release|x64.Build.0 = Release|Any CPU
		{13C678F2-21BD-4619-ADC0-C3B8E451942D}.Release|x86.ActiveCfg = Release|Any CPU
		{13C678F2-21BD-4619-ADC0-C3B8E451942D}.Release|x86.Build.0 = Release|Any CPU
		{66C1A590-FEFC-4A02-9378-7BFADDFAFC00}.Debug|Any CPU.ActiveCfg = Debug|Any CPU
		{66C1A590-FEFC-4A02-9378-7BFADDFAFC00}.Debug|Any CPU.Build.0 = Debug|Any CPU
		{66C1A590-FEFC-4A02-9378-7BFADDFAFC00}.Debug|x64.ActiveCfg = Debug|Any CPU
		{66C1A590-FEFC-4A02-9378-7BFADDFAFC00}.Debug|x64.Build.0 = Debug|Any CPU
		{66C1A590-FEFC-4A02-9378-7BFADDFAFC00}.Debug|x86.ActiveCfg = Debug|Any CPU
		{66C1A590-FEFC-4A02-9378-7BFADDFAFC00}.Debug|x86.Build.0 = Debug|Any CPU
		{66C1A590-FEFC-4A02-9378-7BFADDFAFC00}.Release|Any CPU.ActiveCfg = Release|Any CPU
		{66C1A590-FEFC-4A02-9378-7BFADDFAFC00}.Release|Any CPU.Build.0 = Release|Any CPU
		{66C1A590-FEFC-4A02-9378-7BFADDFAFC00}.Release|x64.ActiveCfg = Release|Any CPU
		{66C1A590-FEFC-4A02-9378-7BFADDFAFC00}.Release|x64.Build.0 = Release|Any CPU
		{66C1A590-FEFC-4A02-9378-7BFADDFAFC00}.Release|x86.ActiveCfg = Release|Any CPU
		{66C1A590-FEFC-4A02-9378-7BFADDFAFC00}.Release|x86.Build.0 = Release|Any CPU
		{F6679607-1CAD-4289-AF61-997BA295D669}.Debug|Any CPU.ActiveCfg = Debug|Any CPU
		{F6679607-1CAD-4289-AF61-997BA295D669}.Debug|Any CPU.Build.0 = Debug|Any CPU
		{F6679607-1CAD-4289-AF61-997BA295D669}.Debug|x64.ActiveCfg = Debug|Any CPU
		{F6679607-1CAD-4289-AF61-997BA295D669}.Debug|x64.Build.0 = Debug|Any CPU
		{F6679607-1CAD-4289-AF61-997BA295D669}.Debug|x86.ActiveCfg = Debug|Any CPU
		{F6679607-1CAD-4289-AF61-997BA295D669}.Debug|x86.Build.0 = Debug|Any CPU
		{F6679607-1CAD-4289-AF61-997BA295D669}.Release|Any CPU.ActiveCfg = Release|Any CPU
		{F6679607-1CAD-4289-AF61-997BA295D669}.Release|Any CPU.Build.0 = Release|Any CPU
		{F6679607-1CAD-4289-AF61-997BA295D669}.Release|x64.ActiveCfg = Release|Any CPU
		{F6679607-1CAD-4289-AF61-997BA295D669}.Release|x64.Build.0 = Release|Any CPU
		{F6679607-1CAD-4289-AF61-997BA295D669}.Release|x86.ActiveCfg = Release|Any CPU
		{F6679607-1CAD-4289-AF61-997BA295D669}.Release|x86.Build.0 = Release|Any CPU
		{E9506B63-2C71-4677-8D0E-A56F0E669FFA}.Debug|Any CPU.ActiveCfg = Debug|Any CPU
		{E9506B63-2C71-4677-8D0E-A56F0E669FFA}.Debug|Any CPU.Build.0 = Debug|Any CPU
		{E9506B63-2C71-4677-8D0E-A56F0E669FFA}.Debug|Any CPU.Deploy.0 = Debug|Any CPU
		{E9506B63-2C71-4677-8D0E-A56F0E669FFA}.Debug|x64.ActiveCfg = Debug|Any CPU
		{E9506B63-2C71-4677-8D0E-A56F0E669FFA}.Debug|x64.Build.0 = Debug|Any CPU
		{E9506B63-2C71-4677-8D0E-A56F0E669FFA}.Debug|x86.ActiveCfg = Debug|Any CPU
		{E9506B63-2C71-4677-8D0E-A56F0E669FFA}.Debug|x86.Build.0 = Debug|Any CPU
		{E9506B63-2C71-4677-8D0E-A56F0E669FFA}.Release|Any CPU.ActiveCfg = Release|Any CPU
		{E9506B63-2C71-4677-8D0E-A56F0E669FFA}.Release|Any CPU.Build.0 = Release|Any CPU
		{E9506B63-2C71-4677-8D0E-A56F0E669FFA}.Release|x64.ActiveCfg = Release|Any CPU
		{E9506B63-2C71-4677-8D0E-A56F0E669FFA}.Release|x64.Build.0 = Release|Any CPU
		{E9506B63-2C71-4677-8D0E-A56F0E669FFA}.Release|x86.ActiveCfg = Release|Any CPU
		{E9506B63-2C71-4677-8D0E-A56F0E669FFA}.Release|x86.Build.0 = Release|Any CPU
		{344DA91A-456B-44C3-925F-FC3C273DEB88}.Debug|Any CPU.ActiveCfg = Debug|Any CPU
		{344DA91A-456B-44C3-925F-FC3C273DEB88}.Debug|Any CPU.Build.0 = Debug|Any CPU
		{344DA91A-456B-44C3-925F-FC3C273DEB88}.Debug|x64.ActiveCfg = Debug|Any CPU
		{344DA91A-456B-44C3-925F-FC3C273DEB88}.Debug|x64.Build.0 = Debug|Any CPU
		{344DA91A-456B-44C3-925F-FC3C273DEB88}.Debug|x86.ActiveCfg = Debug|Any CPU
		{344DA91A-456B-44C3-925F-FC3C273DEB88}.Debug|x86.Build.0 = Debug|Any CPU
		{344DA91A-456B-44C3-925F-FC3C273DEB88}.Release|Any CPU.ActiveCfg = Release|Any CPU
		{344DA91A-456B-44C3-925F-FC3C273DEB88}.Release|Any CPU.Build.0 = Release|Any CPU
		{344DA91A-456B-44C3-925F-FC3C273DEB88}.Release|x64.ActiveCfg = Release|Any CPU
		{344DA91A-456B-44C3-925F-FC3C273DEB88}.Release|x64.Build.0 = Release|Any CPU
		{344DA91A-456B-44C3-925F-FC3C273DEB88}.Release|x86.ActiveCfg = Release|Any CPU
		{344DA91A-456B-44C3-925F-FC3C273DEB88}.Release|x86.Build.0 = Release|Any CPU
	EndGlobalSection
	GlobalSection(SolutionProperties) = preSolution
		HideSolutionNode = FALSE
	EndGlobalSection
	GlobalSection(ExtensibilityGlobals) = postSolution
		SolutionGuid = {1EC6EF85-283A-4311-8226-8F6C9B179661}
	EndGlobalSection
EndGlobal
